
Microsoft Visual Studio Solution File, Format Version 12.00
# Visual Studio 15
VisualStudioVersion = 15.0.28307.421
MinimumVisualStudioVersion = 10.0.40219.1
Project("{FAE04EC0-301F-11D3-BF4B-00C04F79EFBC}") = "Quiz", "Quiz\Quiz.csproj", "{294D19A8-DE67-4B13-A5B0-FC0759349A59}"
EndProject
Global
	GlobalSection(SolutionConfigurationPlatforms) = preSolution
		Debug|Any CPU = Debug|Any CPU
		Release|Any CPU = Release|Any CPU
	EndGlobalSection
	GlobalSection(ProjectConfigurationPlatforms) = postSolution
		{294D19A8-DE67-4B13-A5B0-FC0759349A59}.Debug|Any CPU.ActiveCfg = Debug|Any CPU
		{294D19A8-DE67-4B13-A5B0-FC0759349A59}.Debug|Any CPU.Build.0 = Debug|Any CPU
		{294D19A8-DE67-4B13-A5B0-FC0759349A59}.Release|Any CPU.ActiveCfg = Release|Any CPU
		{294D19A8-DE67-4B13-A5B0-FC0759349A59}.Release|Any CPU.Build.0 = Release|Any CPU
	EndGlobalSection
	GlobalSection(SolutionProperties) = preSolution
		HideSolutionNode = FALSE
	EndGlobalSection
	GlobalSection(ExtensibilityGlobals) = postSolution
		SolutionGuid = {004450FB-E539-4F6A-83DC-D3ABAB4EF105}
	EndGlobalSection
EndGlobal
